
Microsoft Visual Studio Solution File, Format Version 12.00
# Visual Studio Version 17
VisualStudioVersion = 17.8.34525.116
MinimumVisualStudioVersion = 10.0.40219.1
Project("{FAE04EC0-301F-11D3-BF4B-00C04F79EFBC}") = "CurrencyMVC", "CurrencyMVC\CurrencyMVC.csproj", "{B7E11747-626E-4E5E-B4EB-99B64B92696F}"
EndProject
Global
	GlobalSection(SolutionConfigurationPlatforms) = preSolution
		Debug|Any CPU = Debug|Any CPU
		Release|Any CPU = Release|Any CPU
	EndGlobalSection
	GlobalSection(ProjectConfigurationPlatforms) = postSolution
		{B7E11747-626E-4E5E-B4EB-99B64B92696F}.Debug|Any CPU.ActiveCfg = Debug|Any CPU
		{B7E11747-626E-4E5E-B4EB-99B64B92696F}.Debug|Any CPU.Build.0 = Debug|Any CPU
		{B7E11747-626E-4E5E-B4EB-99B64B92696F}.Release|Any CPU.ActiveCfg = Release|Any CPU
		{B7E11747-626E-4E5E-B4EB-99B64B92696F}.Release|Any CPU.Build.0 = Release|Any CPU
	EndGlobalSection
	GlobalSection(SolutionProperties) = preSolution
		HideSolutionNode = FALSE
	EndGlobalSection
	GlobalSection(ExtensibilityGlobals) = postSolution
		SolutionGuid = {AB37F97E-0887-4593-8FFC-C5151E1764C4}
	EndGlobalSection
EndGlobal
